
Microsoft Visual Studio Solution File, Format Version 12.00
# Visual Studio Version 17
VisualStudioVersion = 17.5.33516.290
MinimumVisualStudioVersion = 10.0.40219.1
Project("{FAE04EC0-301F-11D3-BF4B-00C04F79EFBC}") = "Tutoring", "Tutoring\Tutoring.csproj", "{D891A724-3882-4727-A15E-9948186A1BE4}"
EndProject
Project("{FAE04EC0-301F-11D3-BF4B-00C04F79EFBC}") = "BLL", "BLL\BLL.csproj", "{268F812A-3A26-4524-B352-96437E9C5288}"
EndProject
Project("{FAE04EC0-301F-11D3-BF4B-00C04F79EFBC}") = "DAL", "DAL\DAL.csproj", "{9FF12F5F-138F-4086-B9A5-8637BA0BE9C9}"
EndProject
Global
	GlobalSection(SolutionConfigurationPlatforms) = preSolution
		Debug|Any CPU = Debug|Any CPU
		Release|Any CPU = Release|Any CPU
	EndGlobalSection
	GlobalSection(ProjectConfigurationPlatforms) = postSolution
		{D891A724-3882-4727-A15E-9948186A1BE4}.Debug|Any CPU.ActiveCfg = Debug|Any CPU
		{D891A724-3882-4727-A15E-9948186A1BE4}.Debug|Any CPU.Build.0 = Debug|Any CPU
		{D891A724-3882-4727-A15E-9948186A1BE4}.Release|Any CPU.ActiveCfg = Release|Any CPU
		{D891A724-3882-4727-A15E-9948186A1BE4}.Release|Any CPU.Build.0 = Release|Any CPU
		{268F812A-3A26-4524-B352-96437E9C5288}.Debug|Any CPU.ActiveCfg = Debug|Any CPU
		{268F812A-3A26-4524-B352-96437E9C5288}.Debug|Any CPU.Build.0 = Debug|Any CPU
		{268F812A-3A26-4524-B352-96437E9C5288}.Release|Any CPU.ActiveCfg = Release|Any CPU
		{268F812A-3A26-4524-B352-96437E9C5288}.Release|Any CPU.Build.0 = Release|Any CPU
		{9FF12F5F-138F-4086-B9A5-8637BA0BE9C9}.Debug|Any CPU.ActiveCfg = Debug|Any CPU
		{9FF12F5F-138F-4086-B9A5-8637BA0BE9C9}.Debug|Any CPU.Build.0 = Debug|Any CPU
		{9FF12F5F-138F-4086-B9A5-8637BA0BE9C9}.Release|Any CPU.ActiveCfg = Release|Any CPU
		{9FF12F5F-138F-4086-B9A5-8637BA0BE9C9}.Release|Any CPU.Build.0 = Release|Any CPU
	EndGlobalSection
	GlobalSection(SolutionProperties) = preSolution
		HideSolutionNode = FALSE
	EndGlobalSection
	GlobalSection(ExtensibilityGlobals) = postSolution
		SolutionGuid = {15DB04CC-8794-491A-B75A-48FAD3D4413F}
	EndGlobalSection
EndGlobal
